
Microsoft Visual Studio Solution File, Format Version 12.00
# Visual Studio Version 17
VisualStudioVersion = 17.3.32922.545
MinimumVisualStudioVersion = 10.0.40219.1
Project("{FAE04EC0-301F-11D3-BF4B-00C04F79EFBC}") = "12DZ-KFU", "12DZ-KFU\12DZ-KFU.csproj", "{ED2164ED-48DC-420E-BA5C-25A9B111F845}"
EndProject
Global
	GlobalSection(SolutionConfigurationPlatforms) = preSolution
		Debug|Any CPU = Debug|Any CPU
		Release|Any CPU = Release|Any CPU
	EndGlobalSection
	GlobalSection(ProjectConfigurationPlatforms) = postSolution
		{ED2164ED-48DC-420E-BA5C-25A9B111F845}.Debug|Any CPU.ActiveCfg = Debug|Any CPU
		{ED2164ED-48DC-420E-BA5C-25A9B111F845}.Debug|Any CPU.Build.0 = Debug|Any CPU
		{ED2164ED-48DC-420E-BA5C-25A9B111F845}.Release|Any CPU.ActiveCfg = Release|Any CPU
		{ED2164ED-48DC-420E-BA5C-25A9B111F845}.Release|Any CPU.Build.0 = Release|Any CPU
	EndGlobalSection
	GlobalSection(SolutionProperties) = preSolution
		HideSolutionNode = FALSE
	EndGlobalSection
	GlobalSection(ExtensibilityGlobals) = postSolution
		SolutionGuid = {0412BBA7-E3DB-44E7-BDA3-E9517131ABBF}
	EndGlobalSection
EndGlobal
